
Microsoft Visual Studio Solution File, Format Version 12.00
# Visual Studio Version 17
VisualStudioVersion = 17.0.32014.148
MinimumVisualStudioVersion = 10.0.40219.1
Project("{2150E333-8FDC-42A3-9474-1A3956D46DE8}") = "src", "src", "{0C479DFE-3894-45C4-869B-5F944A6C655D}"
EndProject
Project("{2150E333-8FDC-42A3-9474-1A3956D46DE8}") = "corePackages", "corePackages", "{C2FBFBE6-7C61-43E9-89EF-BB256DE80D7F}"
EndProject
Project("{9A19103F-16F7-4668-BE54-9A1E7A4F7556}") = "Core.Application", "src\corePackages\Core.Application\Core.Application.csproj", "{94E2395E-C9D8-44B0-B5D5-B23183CEB950}"
EndProject
Project("{9A19103F-16F7-4668-BE54-9A1E7A4F7556}") = "Core.CrossCuttingConcerns", "src\corePackages\Core.CrossCuttingConcers\Core.CrossCuttingConcerns.csproj", "{A72DC7FD-4E42-4D84-941E-D555701DE14E}"
EndProject
Project("{9A19103F-16F7-4668-BE54-9A1E7A4F7556}") = "Core.ElasticSearch", "src\corePackages\Core.ElasticSearch\Core.ElasticSearch.csproj", "{66A0B8C9-AE22-47C4-916A-92EDCC0F202B}"
EndProject
Project("{9A19103F-16F7-4668-BE54-9A1E7A4F7556}") = "Core.Mailing", "src\corePackages\Core.Mailing\Core.Mailing.csproj", "{EE526662-FF97-4B34-B94C-0B3D791516A2}"
EndProject
Project("{9A19103F-16F7-4668-BE54-9A1E7A4F7556}") = "Core.Persistence", "src\corePackages\Core.Persistence\Core.Persistence.csproj", "{4944696F-91EF-4CFB-86F0-CA704FAE3B04}"
EndProject
Project("{9A19103F-16F7-4668-BE54-9A1E7A4F7556}") = "Core.Security", "src\corePackages\Core.Security\Core.Security.csproj", "{86B1B895-5409-4F67-8ADC-905656AAEB4F}"
EndProject
Project("{2150E333-8FDC-42A3-9474-1A3956D46DE8}") = "Kodlama.io.Devs", "Kodlama.io.Devs", "{1F7B0F9E-01F0-435A-AAAE-8F6F14F3F0EF}"
EndProject
Project("{9A19103F-16F7-4668-BE54-9A1E7A4F7556}") = "Application", "src\Kodlama.io.Devs\Application\Application.csproj", "{726FFD6F-F12C-45C3-AB5D-0F6A65E59291}"
EndProject
Project("{9A19103F-16F7-4668-BE54-9A1E7A4F7556}") = "Domain", "src\Kodlama.io.Devs\Domain\Domain.csproj", "{CE7D880E-2450-4775-9F47-859ADE54E06F}"
EndProject
Project("{FAE04EC0-301F-11D3-BF4B-00C04F79EFBC}") = "WebAPI", "src\Kodlama.io.Devs\WebAPI\WebAPI.csproj", "{BD2A772B-9BFD-47D2-B9B7-D06EF266F2F7}"
EndProject
Project("{9A19103F-16F7-4668-BE54-9A1E7A4F7556}") = "Persistance", "src\Kodlama.io.Devs\Persistance\Persistance.csproj", "{C68B6E45-7E48-4338-AD5B-961C19C733AA}"
EndProject
Global
	GlobalSection(SolutionConfigurationPlatforms) = preSolution
		Debug|Any CPU = Debug|Any CPU
		Release|Any CPU = Release|Any CPU
	EndGlobalSection
	GlobalSection(ProjectConfigurationPlatforms) = postSolution
		{94E2395E-C9D8-44B0-B5D5-B23183CEB950}.Debug|Any CPU.ActiveCfg = Debug|Any CPU
		{94E2395E-C9D8-44B0-B5D5-B23183CEB950}.Debug|Any CPU.Build.0 = Debug|Any CPU
		{94E2395E-C9D8-44B0-B5D5-B23183CEB950}.Release|Any CPU.ActiveCfg = Release|Any CPU
		{94E2395E-C9D8-44B0-B5D5-B23183CEB950}.Release|Any CPU.Build.0 = Release|Any CPU
		{A72DC7FD-4E42-4D84-941E-D555701DE14E}.Debug|Any CPU.ActiveCfg = Debug|Any CPU
		{A72DC7FD-4E42-4D84-941E-D555701DE14E}.Debug|Any CPU.Build.0 = Debug|Any CPU
		{A72DC7FD-4E42-4D84-941E-D555701DE14E}.Release|Any CPU.ActiveCfg = Release|Any CPU
		{A72DC7FD-4E42-4D84-941E-D555701DE14E}.Release|Any CPU.Build.0 = Release|Any CPU
		{66A0B8C9-AE22-47C4-916A-92EDCC0F202B}.Debug|Any CPU.ActiveCfg = Debug|Any CPU
		{66A0B8C9-AE22-47C4-916A-92EDCC0F202B}.Debug|Any CPU.Build.0 = Debug|Any CPU
		{66A0B8C9-AE22-47C4-916A-92EDCC0F202B}.Release|Any CPU.ActiveCfg = Release|Any CPU
		{66A0B8C9-AE22-47C4-916A-92EDCC0F202B}.Release|Any CPU.Build.0 = Release|Any CPU
		{EE526662-FF97-4B34-B94C-0B3D791516A2}.Debug|Any CPU.ActiveCfg = Debug|Any CPU
		{EE526662-FF97-4B34-B94C-0B3D791516A2}.Debug|Any CPU.Build.0 = Debug|Any CPU
		{EE526662-FF97-4B34-B94C-0B3D791516A2}.Release|Any CPU.ActiveCfg = Release|Any CPU
		{EE526662-FF97-4B34-B94C-0B3D791516A2}.Release|Any CPU.Build.0 = Release|Any CPU
		{4944696F-91EF-4CFB-86F0-CA704FAE3B04}.Debug|Any CPU.ActiveCfg = Debug|Any CPU
		{4944696F-91EF-4CFB-86F0-CA704FAE3B04}.Debug|Any CPU.Build.0 = Debug|Any CPU
		{4944696F-91EF-4CFB-86F0-CA704FAE3B04}.Release|Any CPU.ActiveCfg = Release|Any CPU
		{4944696F-91EF-4CFB-86F0-CA704FAE3B04}.Release|Any CPU.Build.0 = Release|Any CPU
		{86B1B895-5409-4F67-8ADC-905656AAEB4F}.Debug|Any CPU.ActiveCfg = Debug|Any CPU
		{86B1B895-5409-4F67-8ADC-905656AAEB4F}.Debug|Any CPU.Build.0 = Debug|Any CPU
		{86B1B895-5409-4F67-8ADC-905656AAEB4F}.Release|Any CPU.ActiveCfg = Release|Any CPU
		{86B1B895-5409-4F67-8ADC-905656AAEB4F}.Release|Any CPU.Build.0 = Release|Any CPU
		{726FFD6F-F12C-45C3-AB5D-0F6A65E59291}.Debug|Any CPU.ActiveCfg = Debug|Any CPU
		{726FFD6F-F12C-45C3-AB5D-0F6A65E59291}.Debug|Any CPU.Build.0 = Debug|Any CPU
		{726FFD6F-F12C-45C3-AB5D-0F6A65E59291}.Release|Any CPU.ActiveCfg = Release|Any CPU
		{726FFD6F-F12C-45C3-AB5D-0F6A65E59291}.Release|Any CPU.Build.0 = Release|Any CPU
		{CE7D880E-2450-4775-9F47-859ADE54E06F}.Debug|Any CPU.ActiveCfg = Debug|Any CPU
		{CE7D880E-2450-4775-9F47-859ADE54E06F}.Debug|Any CPU.Build.0 = Debug|Any CPU
		{CE7D880E-2450-4775-9F47-859ADE54E06F}.Release|Any CPU.ActiveCfg = Release|Any CPU
		{CE7D880E-2450-4775-9F47-859ADE54E06F}.Release|Any CPU.Build.0 = Release|Any CPU
		{BD2A772B-9BFD-47D2-B9B7-D06EF266F2F7}.Debug|Any CPU.ActiveCfg = Debug|Any CPU
		{BD2A772B-9BFD-47D2-B9B7-D06EF266F2F7}.Debug|Any CPU.Build.0 = Debug|Any CPU
		{BD2A772B-9BFD-47D2-B9B7-D06EF266F2F7}.Release|Any CPU.ActiveCfg = Release|Any CPU
		{BD2A772B-9BFD-47D2-B9B7-D06EF266F2F7}.Release|Any CPU.Build.0 = Release|Any CPU
		{C68B6E45-7E48-4338-AD5B-961C19C733AA}.Debug|Any CPU.ActiveCfg = Debug|Any CPU
		{C68B6E45-7E48-4338-AD5B-961C19C733AA}.Debug|Any CPU.Build.0 = Debug|Any CPU
		{C68B6E45-7E48-4338-AD5B-961C19C733AA}.Release|Any CPU.ActiveCfg = Release|Any CPU
		{C68B6E45-7E48-4338-AD5B-961C19C733AA}.Release|Any CPU.Build.0 = Release|Any CPU
	EndGlobalSection
	GlobalSection(SolutionProperties) = preSolution
		HideSolutionNode = FALSE
	EndGlobalSection
	GlobalSection(NestedProjects) = preSolution
		{C2FBFBE6-7C61-43E9-89EF-BB256DE80D7F} = {0C479DFE-3894-45C4-869B-5F944A6C655D}
		{94E2395E-C9D8-44B0-B5D5-B23183CEB950} = {C2FBFBE6-7C61-43E9-89EF-BB256DE80D7F}
		{A72DC7FD-4E42-4D84-941E-D555701DE14E} = {C2FBFBE6-7C61-43E9-89EF-BB256DE80D7F}
		{66A0B8C9-AE22-47C4-916A-92EDCC0F202B} = {C2FBFBE6-7C61-43E9-89EF-BB256DE80D7F}
		{EE526662-FF97-4B34-B94C-0B3D791516A2} = {C2FBFBE6-7C61-43E9-89EF-BB256DE80D7F}
		{4944696F-91EF-4CFB-86F0-CA704FAE3B04} = {C2FBFBE6-7C61-43E9-89EF-BB256DE80D7F}
		{86B1B895-5409-4F67-8ADC-905656AAEB4F} = {C2FBFBE6-7C61-43E9-89EF-BB256DE80D7F}
		{1F7B0F9E-01F0-435A-AAAE-8F6F14F3F0EF} = {0C479DFE-3894-45C4-869B-5F944A6C655D}
		{726FFD6F-F12C-45C3-AB5D-0F6A65E59291} = {1F7B0F9E-01F0-435A-AAAE-8F6F14F3F0EF}
		{CE7D880E-2450-4775-9F47-859ADE54E06F} = {1F7B0F9E-01F0-435A-AAAE-8F6F14F3F0EF}
		{BD2A772B-9BFD-47D2-B9B7-D06EF266F2F7} = {1F7B0F9E-01F0-435A-AAAE-8F6F14F3F0EF}
		{C68B6E45-7E48-4338-AD5B-961C19C733AA} = {1F7B0F9E-01F0-435A-AAAE-8F6F14F3F0EF}
	EndGlobalSection
	GlobalSection(ExtensibilityGlobals) = postSolution
		SolutionGuid = {306C62E2-E633-42EA-A86E-395E78833223}
	EndGlobalSection
EndGlobal
